
Microsoft Visual Studio Solution File, Format Version 12.00
# Visual Studio Version 17
VisualStudioVersion = 17.2.32630.192
MinimumVisualStudioVersion = 10.0.40219.1
Project("{9A19103F-16F7-4668-BE54-9A1E7A4F7556}") = "SuperUltraFishing", "SuperUltraFishing.csproj", "{C3EBA482-398C-43D0-A904-79089642320F}"
EndProject
Global
	GlobalSection(SolutionConfigurationPlatforms) = preSolution
		Debug|Any CPU = Debug|Any CPU
		Release|Any CPU = Release|Any CPU
	EndGlobalSection
	GlobalSection(ProjectConfigurationPlatforms) = postSolution
		{C3EBA482-398C-43D0-A904-79089642320F}.Debug|Any CPU.ActiveCfg = Debug|Any CPU
		{C3EBA482-398C-43D0-A904-79089642320F}.Debug|Any CPU.Build.0 = Debug|Any CPU
		{C3EBA482-398C-43D0-A904-79089642320F}.Release|Any CPU.ActiveCfg = Release|Any CPU
		{C3EBA482-398C-43D0-A904-79089642320F}.Release|Any CPU.Build.0 = Release|Any CPU
	EndGlobalSection
	GlobalSection(SolutionProperties) = preSolution
		HideSolutionNode = FALSE
	EndGlobalSection
	GlobalSection(ExtensibilityGlobals) = postSolution
		SolutionGuid = {AB1F72CA-8C1E-4FD3-A13C-13BF61C61DAD}
	EndGlobalSection
EndGlobal
